
Microsoft Visual Studio Solution File, Format Version 12.00
# Visual Studio Version 17
VisualStudioVersion = 17.1.32210.238
MinimumVisualStudioVersion = 10.0.40219.1
Project("{9A19103F-16F7-4668-BE54-9A1E7A4F7556}") = "EFCore6", "EFCore6.csproj", "{799189F5-06DA-4FCB-A126-C54E02AC4672}"
EndProject
Global
	GlobalSection(SolutionConfigurationPlatforms) = preSolution
		Debug|Any CPU = Debug|Any CPU
		Migration|Any CPU = Migration|Any CPU
		Release|Any CPU = Release|Any CPU
	EndGlobalSection
	GlobalSection(ProjectConfigurationPlatforms) = postSolution
		{799189F5-06DA-4FCB-A126-C54E02AC4672}.Debug|Any CPU.ActiveCfg = Debug|Any CPU
		{799189F5-06DA-4FCB-A126-C54E02AC4672}.Debug|Any CPU.Build.0 = Debug|Any CPU
		{799189F5-06DA-4FCB-A126-C54E02AC4672}.Migration|Any CPU.ActiveCfg = Migration|Any CPU
		{799189F5-06DA-4FCB-A126-C54E02AC4672}.Migration|Any CPU.Build.0 = Migration|Any CPU
		{799189F5-06DA-4FCB-A126-C54E02AC4672}.Release|Any CPU.ActiveCfg = Release|Any CPU
		{799189F5-06DA-4FCB-A126-C54E02AC4672}.Release|Any CPU.Build.0 = Release|Any CPU
	EndGlobalSection
	GlobalSection(SolutionProperties) = preSolution
		HideSolutionNode = FALSE
	EndGlobalSection
	GlobalSection(ExtensibilityGlobals) = postSolution
		SolutionGuid = {041D6992-3761-4F0C-B86A-8D17110AFE78}
	EndGlobalSection
EndGlobal
